
Microsoft Visual Studio Solution File, Format Version 12.00
# Visual Studio Version 17
VisualStudioVersion = 17.14.36616.10 d17.14
MinimumVisualStudioVersion = 10.0.40219.1
Project("{FAE04EC0-301F-11D3-BF4B-00C04F79EFBC}") = "Math Game", "Math Game\Math Game.csproj", "{C2DAD8FA-6336-44F8-8E66-EEFE96434E99}"
EndProject
Global
	GlobalSection(SolutionConfigurationPlatforms) = preSolution
		Debug|Any CPU = Debug|Any CPU
		Release|Any CPU = Release|Any CPU
	EndGlobalSection
	GlobalSection(ProjectConfigurationPlatforms) = postSolution
		{C2DAD8FA-6336-44F8-8E66-EEFE96434E99}.Debug|Any CPU.ActiveCfg = Debug|Any CPU
		{C2DAD8FA-6336-44F8-8E66-EEFE96434E99}.Debug|Any CPU.Build.0 = Debug|Any CPU
		{C2DAD8FA-6336-44F8-8E66-EEFE96434E99}.Release|Any CPU.ActiveCfg = Release|Any CPU
		{C2DAD8FA-6336-44F8-8E66-EEFE96434E99}.Release|Any CPU.Build.0 = Release|Any CPU
	EndGlobalSection
	GlobalSection(SolutionProperties) = preSolution
		HideSolutionNode = FALSE
	EndGlobalSection
	GlobalSection(ExtensibilityGlobals) = postSolution
		SolutionGuid = {F2B9AE09-0D41-4BA3-A2BC-188B0120EFF7}
	EndGlobalSection
EndGlobal
